# This file is autogenerated, do not edit; changes may be undone by the next 'dep ensure'.


[[projects]]
  name = "github.com/dstroot/utility"
  packages = ["."]
  revision = "b6cfa7ea2be4ab89e0c4489a49469888997655f6"
  version = "v1.1"

[[projects]]
  name = "github.com/julienschmidt/httprouter"
  packages = ["."]
  revision = "8c199fb6259ffc1af525cc3ad52ee60ba8359669"
  version = "v1.1"

[[projects]]
  branch = "master"
  name = "github.com/oxtoacart/bpool"
  packages = ["."]
  revision = "4e1c5567d7c2dd59fa4c7c83d34c2f3528b025d6"

[[projects]]
  name = "github.com/urfave/negroni"
  packages = ["."]
  revision = "5dbbc83f748fc3ad38585842b0aedab546d0ea1e"
  version = "v0.3.0"

[solve-meta]
  analyzer-name = "dep"
  analyzer-version = 1
  inputs-digest = "1a9f5a3d69b6767ab1083b79600aeccb7d918a057354b17e42a702a53e91fd57"
  solver-name = "gps-cdcl"
  solver-version = 1
