# This file is autogenerated, do not edit; changes may be undone by the next 'dep ensure'.


[[projects]]
  name = "github.com/VividCortex/gohistogram"
  packages = ["."]
  revision = "51564d9861991fb0ad0f531c99ef602d0f9866e6"
  version = "v1.0.0"

[[projects]]
  name = "github.com/apache/thrift"
  packages = ["lib/go/thrift"]
  revision = "b2a4d4ae21c789b689dd162deb819665567f481c"
  version = "0.10.0"

[[projects]]
  branch = "master"
  name = "github.com/beorn7/perks"
  packages = ["quantile"]
  revision = "4c0e84591b9aa9e6dcfdf3e020114cd81f89d5f9"

[[projects]]
  branch = "master"
  name = "github.com/codahale/hdrhistogram"
  packages = ["."]
  revision = "3a0bb77429bd3a61596f5e8a3172445844342120"

[[projects]]
  name = "github.com/dstroot/utility"
  packages = ["."]
  revision = "b6cfa7ea2be4ab89e0c4489a49469888997655f6"
  version = "v1.1"

[[projects]]
  name = "github.com/go-kit/kit"
  packages = ["metrics","metrics/expvar","metrics/generic","metrics/internal/lv"]
  revision = "a9ca6725cbbea455e61c6bc8a1ed28e81eb3493b"
  version = "v0.5.0"

[[projects]]
  branch = "master"
  name = "github.com/golang/protobuf"
  packages = ["proto"]
  revision = "1e59b77b52bf8e4b449a57e6f79f21226d571845"

[[projects]]
  name = "github.com/julienschmidt/httprouter"
  packages = ["."]
  revision = "8c199fb6259ffc1af525cc3ad52ee60ba8359669"
  version = "v1.1"

[[projects]]
  name = "github.com/matttproud/golang_protobuf_extensions"
  packages = ["pbutil"]
  revision = "3247c84500bff8d9fb6d579d800f20b3e091582c"
  version = "v1.0.0"

[[projects]]
  branch = "master"
  name = "github.com/opentracing-contrib/go-stdlib"
  packages = ["nethttp"]
  revision = "b1a47cfbdd7543e70e9ef3e73d0802ad306cc1cc"

[[projects]]
  name = "github.com/opentracing/opentracing-go"
  packages = [".","ext","log"]
  revision = "1949ddbfd147afd4d964a9f00b24eb291e0e7c38"
  version = "v1.0.2"

[[projects]]
  branch = "master"
  name = "github.com/oxtoacart/bpool"
  packages = ["."]
  revision = "4e1c5567d7c2dd59fa4c7c83d34c2f3528b025d6"

[[projects]]
  name = "github.com/pkg/errors"
  packages = ["."]
  revision = "645ef00459ed84a119197bfb8d8205042c6df63d"
  version = "v0.8.0"

[[projects]]
  name = "github.com/prometheus/client_golang"
  packages = ["prometheus","prometheus/promhttp"]
  revision = "c5b7fccd204277076155f10851dad72b76a49317"
  version = "v0.8.0"

[[projects]]
  branch = "master"
  name = "github.com/prometheus/client_model"
  packages = ["go"]
  revision = "99fa1f4be8e564e8a6b613da7fa6f46c9edafc6c"

[[projects]]
  branch = "master"
  name = "github.com/prometheus/common"
  packages = ["expfmt","internal/bitbucket.org/ww/goautoneg","model"]
  revision = "2e54d0b93cba2fd133edc32211dcc32c06ef72ca"

[[projects]]
  branch = "master"
  name = "github.com/prometheus/procfs"
  packages = [".","xfs"]
  revision = "8f918ac9ab4be3a790338bda8624fec5d71260b3"

[[projects]]
  name = "github.com/uber/jaeger-client-go"
  packages = [".","config","internal/baggage","internal/baggage/remote","internal/spanlog","log","rpcmetrics","thrift-gen/agent","thrift-gen/baggage","thrift-gen/jaeger","thrift-gen/sampling","thrift-gen/zipkincore","utils"]
  revision = "3ac96c6e679cb60a74589b0d0aa7c70a906183f7"
  version = "v2.11.2"

[[projects]]
  name = "github.com/uber/jaeger-lib"
  packages = ["metrics","metrics/go-kit","metrics/go-kit/expvar"]
  revision = "7f95f4f7e80028096410abddaae2556e4c61b59f"
  version = "v1.3.1"

[[projects]]
  name = "github.com/urfave/negroni"
  packages = ["."]
  revision = "5dbbc83f748fc3ad38585842b0aedab546d0ea1e"
  version = "v0.3.0"

[[projects]]
  branch = "master"
  name = "golang.org/x/net"
  packages = ["context"]
  revision = "5ccada7d0a7ba9aeb5d3aca8d3501b4c2a509fec"

[solve-meta]
  analyzer-name = "dep"
  analyzer-version = 1
  inputs-digest = "14d5b06268ea07beddf8dec5e5a90cc9ad4bfeb61432191227299d47f22a965b"
  solver-name = "gps-cdcl"
  solver-version = 1
